
Microsoft Visual Studio Solution File, Format Version 12.00
# Visual Studio Version 17
VisualStudioVersion = 17.8.34601.278
MinimumVisualStudioVersion = 10.0.40219.1
Project("{9A19103F-16F7-4668-BE54-9A1E7A4F7556}") = "FindTreatment.Domain", "FindTreamtment.Domain\FindTreatment.Domain.csproj", "{2F35F266-398E-4977-978F-6CE2CA7FB162}"
EndProject
Project("{9A19103F-16F7-4668-BE54-9A1E7A4F7556}") = "FindTreatment.Test", "FindTreamtment.Test\FindTreatment.Test.csproj", "{068C5DFE-2596-4A4A-80DD-5C070F22FC8F}"
EndProject
Project("{9A19103F-16F7-4668-BE54-9A1E7A4F7556}") = "FindTreatment.Reporting", "FindTreamtment.Reporting\FindTreatment.Reporting.csproj", "{EB8224A8-50D0-4E3D-ACE5-ECD389FB2061}"
EndProject
Global
	GlobalSection(SolutionConfigurationPlatforms) = preSolution
		Debug|Any CPU = Debug|Any CPU
		Release|Any CPU = Release|Any CPU
	EndGlobalSection
	GlobalSection(ProjectConfigurationPlatforms) = postSolution
		{2F35F266-398E-4977-978F-6CE2CA7FB162}.Debug|Any CPU.ActiveCfg = Debug|Any CPU
		{2F35F266-398E-4977-978F-6CE2CA7FB162}.Debug|Any CPU.Build.0 = Debug|Any CPU
		{2F35F266-398E-4977-978F-6CE2CA7FB162}.Release|Any CPU.ActiveCfg = Release|Any CPU
		{2F35F266-398E-4977-978F-6CE2CA7FB162}.Release|Any CPU.Build.0 = Release|Any CPU
		{068C5DFE-2596-4A4A-80DD-5C070F22FC8F}.Debug|Any CPU.ActiveCfg = Debug|Any CPU
		{068C5DFE-2596-4A4A-80DD-5C070F22FC8F}.Debug|Any CPU.Build.0 = Debug|Any CPU
		{068C5DFE-2596-4A4A-80DD-5C070F22FC8F}.Release|Any CPU.ActiveCfg = Release|Any CPU
		{068C5DFE-2596-4A4A-80DD-5C070F22FC8F}.Release|Any CPU.Build.0 = Release|Any CPU
		{EB8224A8-50D0-4E3D-ACE5-ECD389FB2061}.Debug|Any CPU.ActiveCfg = Debug|Any CPU
		{EB8224A8-50D0-4E3D-ACE5-ECD389FB2061}.Debug|Any CPU.Build.0 = Debug|Any CPU
		{EB8224A8-50D0-4E3D-ACE5-ECD389FB2061}.Release|Any CPU.ActiveCfg = Release|Any CPU
		{EB8224A8-50D0-4E3D-ACE5-ECD389FB2061}.Release|Any CPU.Build.0 = Release|Any CPU
	EndGlobalSection
	GlobalSection(SolutionProperties) = preSolution
		HideSolutionNode = FALSE
	EndGlobalSection
	GlobalSection(ExtensibilityGlobals) = postSolution
		SolutionGuid = {643E06B6-87E8-48F6-8F47-4575E8F78325}
	EndGlobalSection
EndGlobal
